
Microsoft Visual Studio Solution File, Format Version 12.00
# Visual Studio Version 17
VisualStudioVersion = 17.10.35027.167
MinimumVisualStudioVersion = 10.0.40219.1
Project("{FAE04EC0-301F-11D3-BF4B-00C04F79EFBC}") = "KnowledgeCreator", "KnowledgeCreator\KnowledgeCreator.csproj", "{620F6F91-53D2-433F-AD71-6D2DF3695960}"
EndProject
Global
	GlobalSection(SolutionConfigurationPlatforms) = preSolution
		Debug|Any CPU = Debug|Any CPU
		Release|Any CPU = Release|Any CPU
	EndGlobalSection
	GlobalSection(ProjectConfigurationPlatforms) = postSolution
		{620F6F91-53D2-433F-AD71-6D2DF3695960}.Debug|Any CPU.ActiveCfg = Debug|Any CPU
		{620F6F91-53D2-433F-AD71-6D2DF3695960}.Debug|Any CPU.Build.0 = Debug|Any CPU
		{620F6F91-53D2-433F-AD71-6D2DF3695960}.Release|Any CPU.ActiveCfg = Release|Any CPU
		{620F6F91-53D2-433F-AD71-6D2DF3695960}.Release|Any CPU.Build.0 = Release|Any CPU
	EndGlobalSection
	GlobalSection(SolutionProperties) = preSolution
		HideSolutionNode = FALSE
	EndGlobalSection
	GlobalSection(ExtensibilityGlobals) = postSolution
		SolutionGuid = {C4B17756-60FF-4E95-A481-53FD19DE60C9}
	EndGlobalSection
EndGlobal
